
Microsoft Visual Studio Solution File, Format Version 12.00
# Visual Studio Version 17
VisualStudioVersion = 17.7.34202.233
MinimumVisualStudioVersion = 10.0.40219.1
Project("{FAE04EC0-301F-11D3-BF4B-00C04F79EFBC}") = "AgilePrinciplesPatternsAndPracticesC#", "AgilePrinciplesPatternsAndPracticesC#\AgilePrinciplesPatternsAndPracticesC#.csproj", "{764C0B8C-B846-40D1-B868-7F39F944043C}"
EndProject
Project("{FAE04EC0-301F-11D3-BF4B-00C04F79EFBC}") = "AgilePrinciplesPatternsAndPracticesC#Tests", "AgilePrinciplesPatternsAndPracticesC#Tests\AgilePrinciplesPatternsAndPracticesC#Tests.csproj", "{7CBC6CD5-047F-49F6-95D3-61638AB93315}"
EndProject
Global
	GlobalSection(SolutionConfigurationPlatforms) = preSolution
		Debug|Any CPU = Debug|Any CPU
		Release|Any CPU = Release|Any CPU
	EndGlobalSection
	GlobalSection(ProjectConfigurationPlatforms) = postSolution
		{764C0B8C-B846-40D1-B868-7F39F944043C}.Debug|Any CPU.ActiveCfg = Debug|Any CPU
		{764C0B8C-B846-40D1-B868-7F39F944043C}.Debug|Any CPU.Build.0 = Debug|Any CPU
		{764C0B8C-B846-40D1-B868-7F39F944043C}.Release|Any CPU.ActiveCfg = Release|Any CPU
		{764C0B8C-B846-40D1-B868-7F39F944043C}.Release|Any CPU.Build.0 = Release|Any CPU
		{7CBC6CD5-047F-49F6-95D3-61638AB93315}.Debug|Any CPU.ActiveCfg = Debug|Any CPU
		{7CBC6CD5-047F-49F6-95D3-61638AB93315}.Debug|Any CPU.Build.0 = Debug|Any CPU
		{7CBC6CD5-047F-49F6-95D3-61638AB93315}.Release|Any CPU.ActiveCfg = Release|Any CPU
		{7CBC6CD5-047F-49F6-95D3-61638AB93315}.Release|Any CPU.Build.0 = Release|Any CPU
	EndGlobalSection
	GlobalSection(SolutionProperties) = preSolution
		HideSolutionNode = FALSE
	EndGlobalSection
	GlobalSection(ExtensibilityGlobals) = postSolution
		SolutionGuid = {CE1794A4-6564-4E6B-B8E1-B4EA1FCBB3D4}
	EndGlobalSection
EndGlobal
